// !$*UTF8*$!
{
	archiveVersion = 1;
	classes = {
	};
	objectVersion = 55;
	objects = {

/* Begin PBXBuildFile section */
		3C33127629126D8300805F44 /* DataModel.swift in Sources */ = {isa = PBXBuildFile; fileRef = 3C33127529126D8300805F44 /* DataModel.swift */; };
		3C3DBEB028D5C3A800FFE6E3 /* AppDelegate.swift in Sources */ = {isa = PBXBuildFile; fileRef = 3C3DBEAF28D5C3A800FFE6E3 /* AppDelegate.swift */; };
		3C3DBEB228D5C3A800FFE6E3 /* SceneDelegate.swift in Sources */ = {isa = PBXBuildFile; fileRef = 3C3DBEB128D5C3A800FFE6E3 /* SceneDelegate.swift */; };
		3C3DBEB428D5C3A800FFE6E3 /* ChecklistViewController.swift in Sources */ = {isa = PBXBuildFile; fileRef = 3C3DBEB328D5C3A800FFE6E3 /* ChecklistViewController.swift */; };
		3C3DBEB728D5C3A800FFE6E3 /* Main.storyboard in Resources */ = {isa = PBXBuildFile; fileRef = 3C3DBEB528D5C3A800FFE6E3 /* Main.storyboard */; };
		3C3DBEB928D5C3AC00FFE6E3 /* Assets.xcassets in Resources */ = {isa = PBXBuildFile; fileRef = 3C3DBEB828D5C3AC00FFE6E3 /* Assets.xcassets */; };
		3C68705328E82787003DB4C2 /* ChecklistItem.swift in Sources */ = {isa = PBXBuildFile; fileRef = 3C68705228E82787003DB4C2 /* ChecklistItem.swift */; };
		3C68705528EF3AD1003DB4C2 /* ItemDetailViewController.swift in Sources */ = {isa = PBXBuildFile; fileRef = 3C68705428EF3AD1003DB4C2 /* ItemDetailViewController.swift */; };
		3C6D59902917B51C002FF7CB /* IconPickerViewController.swift in Sources */ = {isa = PBXBuildFile; fileRef = 3C6D598F2917B51C002FF7CB /* IconPickerViewController.swift */; };
		3CE041D528F57F5000A64A8E /* AllListsViewController.swift in Sources */ = {isa = PBXBuildFile; fileRef = 3CE041D428F57F5000A64A8E /* AllListsViewController.swift */; };
		3CE041D728F5BFD100A64A8E /* Checklist.swift in Sources */ = {isa = PBXBuildFile; fileRef = 3CE041D628F5BFD100A64A8E /* Checklist.swift */; };
		3CE041D928F5D63200A64A8E /*  ListDetailViewController.swift in Sources */ = {isa = PBXBuildFile; fileRef = 3CE041D828F5D63200A64A8E /*  ListDetailViewController.swift */; };
/* End PBXBuildFile section */

/* Begin PBXFileReference section */
		3C33127529126D8300805F44 /* DataModel.swift */ = {isa = PBXFileReference; lastKnownFileType = sourcecode.swift; path = DataModel.swift; sourceTree = "<group>"; };
		3C3DBEAC28D5C3A800FFE6E3 /* CheckLists.app */ = {isa = PBXFileReference; explicitFileType = wrapper.application; includeInIndex = 0; path = CheckLists.app; sourceTree = BUILT_PRODUCTS_DIR; };
		3C3DBEAF28D5C3A800FFE6E3 /* AppDelegate.swift */ = {isa = PBXFileReference; lastKnownFileType = sourcecode.swift; path = AppDelegate.swift; sourceTree = "<group>"; };
		3C3DBEB128D5C3A800FFE6E3 /* SceneDelegate.swift */ = {isa = PBXFileReference; lastKnownFileType = sourcecode.swift; path = SceneDelegate.swift; sourceTree = "<group>"; };
		3C3DBEB328D5C3A800FFE6E3 /* ChecklistViewController.swift */ = {isa = PBXFileReference; lastKnownFileType = sourcecode.swift; path = ChecklistViewController.swift; sourceTree = "<group>"; };
		3C3DBEB628D5C3A800FFE6E3 /* Base */ = {isa = PBXFileReference; lastKnownFileType = file.storyboard; name = Base; path = Base.lproj/Main.storyboard; sourceTree = "<group>"; };
		3C3DBEB828D5C3AC00FFE6E3 /* Assets.xcassets */ = {isa = PBXFileReference; lastKnownFileType = folder.assetcatalog; path = Assets.xcassets; sourceTree = "<group>"; };
		3C3DBEBD28D5C3AD00FFE6E3 /* Info.plist */ = {isa = PBXFileReference; lastKnownFileType = text.plist.xml; path = Info.plist; sourceTree = "<group>"; };
		3C68705228E82787003DB4C2 /* ChecklistItem.swift */ = {isa = PBXFileReference; lastKnownFileType = sourcecode.swift; path = ChecklistItem.swift; sourceTree = "<group>"; };
		3C68705428EF3AD1003DB4C2 /* ItemDetailViewController.swift */ = {isa = PBXFileReference; lastKnownFileType = sourcecode.swift; path = ItemDetailViewController.swift; sourceTree = "<group>"; };
		3C6D598F2917B51C002FF7CB /* IconPickerViewController.swift */ = {isa = PBXFileReference; lastKnownFileType = sourcecode.swift; path = IconPickerViewController.swift; sourceTree = "<group>"; };
		3CE041D428F57F5000A64A8E /* AllListsViewController.swift */ = {isa = PBXFileReference; lastKnownFileType = sourcecode.swift; path = AllListsViewController.swift; sourceTree = "<group>"; };
		3CE041D628F5BFD100A64A8E /* Checklist.swift */ = {isa = PBXFileReference; lastKnownFileType = sourcecode.swift; path = Checklist.swift; sourceTree = "<group>"; };
		3CE041D828F5D63200A64A8E /*  ListDetailViewController.swift */ = {isa = PBXFileReference; lastKnownFileType = sourcecode.swift; path = " ListDetailViewController.swift"; sourceTree = "<group>"; };
/* End PBXFileReference section */

/* Begin PBXFrameworksBuildPhase section */
		3C3DBEA928D5C3A800FFE6E3 /* Frameworks */ = {
			isa = PBXFrameworksBuildPhase;
			buildActionMask = 2147483647;
			files = (
			);
			runOnlyForDeploymentPostprocessing = 0;
		};
/* End PBXFrameworksBuildPhase section */

/* Begin PBXGroup section */
		3C3312772912C0A900805F44 /* Data Models */ = {
			isa = PBXGroup;
			children = (
				3CE041D628F5BFD100A64A8E /* Checklist.swift */,
				3C68705228E82787003DB4C2 /* ChecklistItem.swift */,
				3C33127529126D8300805F44 /* DataModel.swift */,
			);
			path = "Data Models";
			sourceTree = "<group>";
		};
		3C3312782912C0D400805F44 /* View Controllers */ = {
			isa = PBXGroup;
			children = (
				3CE041D428F57F5000A64A8E /* AllListsViewController.swift */,
				3C3DBEB328D5C3A800FFE6E3 /* ChecklistViewController.swift */,
				3C68705428EF3AD1003DB4C2 /* ItemDetailViewController.swift */,
				3CE041D828F5D63200A64A8E /*  ListDetailViewController.swift */,
				3C6D598F2917B51C002FF7CB /* IconPickerViewController.swift */,
			);
			path = "View Controllers";
			sourceTree = "<group>";
		};
		3C3312792912C14E00805F44 /* Resources */ = {
			isa = PBXGroup;
			children = (
				3C3DBEAF28D5C3A800FFE6E3 /* AppDelegate.swift */,
				3C3DBEB828D5C3AC00FFE6E3 /* Assets.xcassets */,
				3C3DBEB528D5C3A800FFE6E3 /* Main.storyboard */,
				3C3DBEB128D5C3A800FFE6E3 /* SceneDelegate.swift */,
			);
			path = Resources;
			sourceTree = "<group>";
		};
		3C3DBEA328D5C3A800FFE6E3 = {
			isa = PBXGroup;
			children = (
				3C3DBEAE28D5C3A800FFE6E3 /* CheckLists */,
				3C3DBEAD28D5C3A800FFE6E3 /* Products */,
			);
			sourceTree = "<group>";
		};
		3C3DBEAD28D5C3A800FFE6E3 /* Products */ = {
			isa = PBXGroup;
			children = (
				3C3DBEAC28D5C3A800FFE6E3 /* CheckLists.app */,
			);
			name = Products;
			sourceTree = "<group>";
		};
		3C3DBEAE28D5C3A800FFE6E3 /* CheckLists */ = {
			isa = PBXGroup;
			children = (
				3C3DBEBD28D5C3AD00FFE6E3 /* Info.plist */,
				3C3312772912C0A900805F44 /* Data Models */,
				3C3312782912C0D400805F44 /* View Controllers */,
				3C3312792912C14E00805F44 /* Resources */,
			);
			path = CheckLists;
			sourceTree = "<group>";
		};
/* End PBXGroup section */

/* Begin PBXNativeTarget section */
		3C3DBEAB28D5C3A800FFE6E3 /* CheckLists */ = {
			isa = PBXNativeTarget;
			buildConfigurationList = 3C3DBEC028D5C3AD00FFE6E3 /* Build configuration list for PBXNativeTarget "CheckLists" */;
			buildPhases = (
				3C3DBEA828D5C3A800FFE6E3 /* Sources */,
				3C3DBEA928D5C3A800FFE6E3 /* Frameworks */,
				3C3DBEAA28D5C3A800FFE6E3 /* Resources */,
			);
			buildRules = (
			);
			dependencies = (
			);
			name = CheckLists;
			productName = CheckLists;
			productReference = 3C3DBEAC28D5C3A800FFE6E3 /* CheckLists.app */;
			productType = "com.apple.product-type.application";
		};
/* End PBXNativeTarget section */

/* Begin PBXProject section */
		3C3DBEA428D5C3A800FFE6E3 /* Project object */ = {
			isa = PBXProject;
			attributes = {
				BuildIndependentTargetsInParallel = 1;
				LastSwiftUpdateCheck = 1320;
				LastUpgradeCheck = 1320;
				TargetAttributes = {
					3C3DBEAB28D5C3A800FFE6E3 = {
						CreatedOnToolsVersion = 13.2.1;
					};
				};
			};
			buildConfigurationList = 3C3DBEA728D5C3A800FFE6E3 /* Build configuration list for PBXProject "CheckLists" */;
			compatibilityVersion = "Xcode 13.0";
			developmentRegion = en;
			hasScannedForEncodings = 0;
			knownRegions = (
				en,
				Base,
			);
			mainGroup = 3C3DBEA328D5C3A800FFE6E3;
			productRefGroup = 3C3DBEAD28D5C3A800FFE6E3 /* Products */;
			projectDirPath = "";
			projectRoot = "";
			targets = (
				3C3DBEAB28D5C3A800FFE6E3 /* CheckLists */,
			);
		};
/* End PBXProject section */

/* Begin PBXResourcesBuildPhase section */
		3C3DBEAA28D5C3A800FFE6E3 /* Resources */ = {
			isa = PBXResourcesBuildPhase;
			buildActionMask = 2147483647;
			files = (
				3C3DBEB928D5C3AC00FFE6E3 /* Assets.xcassets in Resources */,
				3C3DBEB728D5C3A800FFE6E3 /* Main.storyboard in Resources */,
			);
			runOnlyForDeploymentPostprocessing = 0;
		};
/* End PBXResourcesBuildPhase section */

/* Begin PBXSourcesBuildPhase section */
		3C3DBEA828D5C3A800FFE6E3 /* Sources */ = {
			isa = PBXSourcesBuildPhase;
			buildActionMask = 2147483647;
			files = (
				3CE041D928F5D63200A64A8E /*  ListDetailViewController.swift in Sources */,
				3C3DBEB428D5C3A800FFE6E3 /* ChecklistViewController.swift in Sources */,
				3C68705528EF3AD1003DB4C2 /* ItemDetailViewController.swift in Sources */,
				3C6D59902917B51C002FF7CB /* IconPickerViewController.swift in Sources */,
				3CE041D528F57F5000A64A8E /* AllListsViewController.swift in Sources */,
				3C3DBEB028D5C3A800FFE6E3 /* AppDelegate.swift in Sources */,
				3C3DBEB228D5C3A800FFE6E3 /* SceneDelegate.swift in Sources */,
				3C68705328E82787003DB4C2 /* ChecklistItem.swift in Sources */,
				3CE041D728F5BFD100A64A8E /* Checklist.swift in Sources */,
				3C33127629126D8300805F44 /* DataModel.swift in Sources */,
			);
			runOnlyForDeploymentPostprocessing = 0;
		};
/* End PBXSourcesBuildPhase section */

/* Begin PBXVariantGroup section */
		3C3DBEB528D5C3A800FFE6E3 /* Main.storyboard */ = {
			isa = PBXVariantGroup;
			children = (
				3C3DBEB628D5C3A800FFE6E3 /* Base */,
			);
			name = Main.storyboard;
			sourceTree = "<group>";
		};
/* End PBXVariantGroup section */

/* Begin XCBuildConfiguration section */
		3C3DBEBE28D5C3AD00FFE6E3 /* Debug */ = {
			isa = XCBuildConfiguration;
			buildSettings = {
				ALWAYS_SEARCH_USER_PATHS = NO;
				CLANG_ANALYZER_NONNULL = YES;
				CLANG_ANALYZER_NUMBER_OBJECT_CONVERSION = YES_AGGRESSIVE;
				CLANG_CXX_LANGUAGE_STANDARD = "gnu++17";
				CLANG_CXX_LIBRARY = "libc++";
				CLANG_ENABLE_MODULES = YES;
				CLANG_ENABLE_OBJC_ARC = YES;
				CLANG_ENABLE_OBJC_WEAK = YES;
				CLANG_WARN_BLOCK_CAPTURE_AUTORELEASING = YES;
				CLANG_WARN_BOOL_CONVERSION = YES;
				CLANG_WARN_COMMA = YES;
				CLANG_WARN_CONSTANT_CONVERSION = YES;
				CLANG_WARN_DEPRECATED_OBJC_IMPLEMENTATIONS = YES;
				CLANG_WARN_DIRECT_OBJC_ISA_USAGE = YES_ERROR;
				CLANG_WARN_DOCUMENTATION_COMMENTS = YES;
				CLANG_WARN_EMPTY_BODY = YES;
				CLANG_WARN_ENUM_CONVERSION = YES;
				CLANG_WARN_INFINITE_RECURSION = YES;
				CLANG_WARN_INT_CONVERSION = YES;
				CLANG_WARN_NON_LITERAL_NULL_CONVERSION = YES;
				CLANG_WARN_OBJC_IMPLICIT_RETAIN_SELF = YES;
				CLANG_WARN_OBJC_LITERAL_CONVERSION = YES;
				CLANG_WARN_OBJC_ROOT_CLASS = YES_ERROR;
				CLANG_WARN_QUOTED_INCLUDE_IN_FRAMEWORK_HEADER = YES;
				CLANG_WARN_RANGE_LOOP_ANALYSIS = YES;
				CLANG_WARN_STRICT_PROTOTYPES = YES;
				CLANG_WARN_SUSPICIOUS_MOVE = YES;
				CLANG_WARN_UNGUARDED_AVAILABILITY = YES_AGGRESSIVE;
				CLANG_WARN_UNREACHABLE_CODE = YES;
				CLANG_WARN__DUPLICATE_METHOD_MATCH = YES;
				COPY_PHASE_STRIP = NO;
				DEBUG_INFORMATION_FORMAT = dwarf;
				ENABLE_STRICT_OBJC_MSGSEND = YES;
				ENABLE_TESTABILITY = YES;
				GCC_C_LANGUAGE_STANDARD = gnu11;
				GCC_DYNAMIC_NO_PIC = NO;
				GCC_NO_COMMON_BLOCKS = YES;
				GCC_OPTIMIZATION_LEVEL = 0;
				GCC_PREPROCESSOR_DEFINITIONS = (
					"DEBUG=1",
					"$(inherited)",
				);
				GCC_WARN_64_TO_32_BIT_CONVERSION = YES;
				GCC_WARN_ABOUT_RETURN_TYPE = YES_ERROR;
				GCC_WARN_UNDECLARED_SELECTOR = YES;
				GCC_WARN_UNINITIALIZED_AUTOS = YES_AGGRESSIVE;
				GCC_WARN_UNUSED_FUNCTION = YES;
				GCC_WARN_UNUSED_VARIABLE = YES;
				IPHONEOS_DEPLOYMENT_TARGET = 15.2;
				MTL_ENABLE_DEBUG_INFO = INCLUDE_SOURCE;
				MTL_FAST_MATH = YES;
				ONLY_ACTIVE_ARCH = YES;
				SDKROOT = iphoneos;
				SWIFT_ACTIVE_COMPILATION_CONDITIONS = DEBUG;
				SWIFT_OPTIMIZATION_LEVEL = "-Onone";
			};
			name = Debug;
		};
		3C3DBEBF28D5C3AD00FFE6E3 /* Release */ = {
			isa = XCBuildConfiguration;
			buildSettings = {
				ALWAYS_SEARCH_USER_PATHS = NO;
				CLANG_ANALYZER_NONNULL = YES;
				CLANG_ANALYZER_NUMBER_OBJECT_CONVERSION = YES_AGGRESSIVE;
				CLANG_CXX_LANGUAGE_STANDARD = "gnu++17";
				CLANG_CXX_LIBRARY = "libc++";
				CLANG_ENABLE_MODULES = YES;
				CLANG_ENABLE_OBJC_ARC = YES;
				CLANG_ENABLE_OBJC_WEAK = YES;
				CLANG_WARN_BLOCK_CAPTURE_AUTORELEASING = YES;
				CLANG_WARN_BOOL_CONVERSION = YES;
				CLANG_WARN_COMMA = YES;
				CLANG_WARN_CONSTANT_CONVERSION = YES;
				CLANG_WARN_DEPRECATED_OBJC_IMPLEMENTATIONS = YES;
				CLANG_WARN_DIRECT_OBJC_ISA_USAGE = YES_ERROR;
				CLANG_WARN_DOCUMENTATION_COMMENTS = YES;
				CLANG_WARN_EMPTY_BODY = YES;
				CLANG_WARN_ENUM_CONVERSION = YES;
				CLANG_WARN_INFINITE_RECURSION = YES;
				CLANG_WARN_INT_CONVERSION = YES;
				CLANG_WARN_NON_LITERAL_NULL_CONVERSION = YES;
				CLANG_WARN_OBJC_IMPLICIT_RETAIN_SELF = YES;
				CLANG_WARN_OBJC_LITERAL_CONVERSION = YES;
				CLANG_WARN_OBJC_ROOT_CLASS = YES_ERROR;
				CLANG_WARN_QUOTED_INCLUDE_IN_FRAMEWORK_HEADER = YES;
				CLANG_WARN_RANGE_LOOP_ANALYSIS = YES;
				CLANG_WARN_STRICT_PROTOTYPES = YES;
				CLANG_WARN_SUSPICIOUS_MOVE = YES;
				CLANG_WARN_UNGUARDED_AVAILABILITY = YES_AGGRESSIVE;
				CLANG_WARN_UNREACHABLE_CODE = YES;
				CLANG_WARN__DUPLICATE_METHOD_MATCH = YES;
				COPY_PHASE_STRIP = NO;
				DEBUG_INFORMATION_FORMAT = "dwarf-with-dsym";
				ENABLE_NS_ASSERTIONS = NO;
				ENABLE_STRICT_OBJC_MSGSEND = YES;
				GCC_C_LANGUAGE_STANDARD = gnu11;
				GCC_NO_COMMON_BLOCKS = YES;
				GCC_WARN_64_TO_32_BIT_CONVERSION = YES;
				GCC_WARN_ABOUT_RETURN_TYPE = YES_ERROR;
				GCC_WARN_UNDECLARED_SELECTOR = YES;
				GCC_WARN_UNINITIALIZED_AUTOS = YES_AGGRESSIVE;
				GCC_WARN_UNUSED_FUNCTION = YES;
				GCC_WARN_UNUSED_VARIABLE = YES;
				IPHONEOS_DEPLOYMENT_TARGET = 15.2;
				MTL_ENABLE_DEBUG_INFO = NO;
				MTL_FAST_MATH = YES;
				SDKROOT = iphoneos;
				SWIFT_COMPILATION_MODE = wholemodule;
				SWIFT_OPTIMIZATION_LEVEL = "-O";
				VALIDATE_PRODUCT = YES;
			};
			name = Release;
		};
		3C3DBEC128D5C3AD00FFE6E3 /* Debug */ = {
			isa = XCBuildConfiguration;
			buildSettings = {
				ASSETCATALOG_COMPILER_APPICON_NAME = AppIcon;
				ASSETCATALOG_COMPILER_GLOBAL_ACCENT_COLOR_NAME = AccentColor;
				CODE_SIGN_STYLE = Automatic;
				CURRENT_PROJECT_VERSION = 1;
				GENERATE_INFOPLIST_FILE = YES;
				INFOPLIST_FILE = CheckLists/Info.plist;
				INFOPLIST_KEY_UIApplicationSupportsIndirectInputEvents = YES;
				INFOPLIST_KEY_UILaunchStoryboardName = Main;
				INFOPLIST_KEY_UIMainStoryboardFile = Main;
				INFOPLIST_KEY_UISupportedInterfaceOrientations = UIInterfaceOrientationPortrait;
				INFOPLIST_KEY_UISupportedInterfaceOrientations_iPad = "UIInterfaceOrientationPortrait UIInterfaceOrientationPortraitUpsideDown UIInterfaceOrientationLandscapeLeft UIInterfaceOrientationLandscapeRight";
				INFOPLIST_KEY_UISupportedInterfaceOrientations_iPhone = "UIInterfaceOrientationPortrait UIInterfaceOrientationLandscapeLeft UIInterfaceOrientationLandscapeRight";
				LD_RUNPATH_SEARCH_PATHS = (
					"$(inherited)",
					"@executable_path/Frameworks",
				);
				MARKETING_VERSION = 1.0;
				PRODUCT_BUNDLE_IDENTIFIER = com.dzhami.CheckLists;
				PRODUCT_NAME = "$(TARGET_NAME)";
				SWIFT_EMIT_LOC_STRINGS = YES;
				SWIFT_VERSION = 5.0;
				TARGETED_DEVICE_FAMILY = "1,2";
			};
			name = Debug;
		};
		3C3DBEC228D5C3AD00FFE6E3 /* Release */ = {
			isa = XCBuildConfiguration;
			buildSettings = {
				ASSETCATALOG_COMPILER_APPICON_NAME = AppIcon;
				ASSETCATALOG_COMPILER_GLOBAL_ACCENT_COLOR_NAME = AccentColor;
				CODE_SIGN_STYLE = Automatic;
				CURRENT_PROJECT_VERSION = 1;
				GENERATE_INFOPLIST_FILE = YES;
				INFOPLIST_FILE = CheckLists/Info.plist;
				INFOPLIST_KEY_UIApplicationSupportsIndirectInputEvents = YES;
				INFOPLIST_KEY_UILaunchStoryboardName = Main;
				INFOPLIST_KEY_UIMainStoryboardFile = Main;
				INFOPLIST_KEY_UISupportedInterfaceOrientations = UIInterfaceOrientationPortrait;
				INFOPLIST_KEY_UISupportedInterfaceOrientations_iPad = "UIInterfaceOrientationPortrait UIInterfaceOrientationPortraitUpsideDown UIInterfaceOrientationLandscapeLeft UIInterfaceOrientationLandscapeRight";
				INFOPLIST_KEY_UISupportedInterfaceOrientations_iPhone = "UIInterfaceOrientationPortrait UIInterfaceOrientationLandscapeLeft UIInterfaceOrientationLandscapeRight";
				LD_RUNPATH_SEARCH_PATHS = (
					"$(inherited)",
					"@executable_path/Frameworks",
				);
				MARKETING_VERSION = 1.0;
				PRODUCT_BUNDLE_IDENTIFIER = com.dzhami.CheckLists;
				PRODUCT_NAME = "$(TARGET_NAME)";
				SWIFT_EMIT_LOC_STRINGS = YES;
				SWIFT_VERSION = 5.0;
				TARGETED_DEVICE_FAMILY = "1,2";
			};
			name = Release;
		};
/* End XCBuildConfiguration section */

/* Begin XCConfigurationList section */
		3C3DBEA728D5C3A800FFE6E3 /* Build configuration list for PBXProject "CheckLists" */ = {
			isa = XCConfigurationList;
			buildConfigurations = (
				3C3DBEBE28D5C3AD00FFE6E3 /* Debug */,
				3C3DBEBF28D5C3AD00FFE6E3 /* Release */,
			);
			defaultConfigurationIsVisible = 0;
			defaultConfigurationName = Release;
		};
		3C3DBEC028D5C3AD00FFE6E3 /* Build configuration list for PBXNativeTarget "CheckLists" */ = {
			isa = XCConfigurationList;
			buildConfigurations = (
				3C3DBEC128D5C3AD00FFE6E3 /* Debug */,
				3C3DBEC228D5C3AD00FFE6E3 /* Release */,
			);
			defaultConfigurationIsVisible = 0;
			defaultConfigurationName = Release;
		};
/* End XCConfigurationList section */
	};
	rootObject = 3C3DBEA428D5C3A800FFE6E3 /* Project object */;
}
